
Microsoft Visual Studio Solution File, Format Version 11.00
# Visual C++ Express 2010
Project("{8BC9CEB8-8B4A-11D0-8D11-00A0C91BC942}") = "rgles", "rgles\rgles.vcxproj", "{F9A0612B-714D-4FC6-96C2-C6597CC82086}"
EndProject
Project("{8BC9CEB8-8B4A-11D0-8D11-00A0C91BC942}") = "transformations", "transformations\transformations.vcxproj", "{E9230833-AC6B-4092-B601-6926E40E12ED}"
	ProjectSection(ProjectDependencies) = postProject
		{F9A0612B-714D-4FC6-96C2-C6597CC82086} = {F9A0612B-714D-4FC6-96C2-C6597CC82086}
	EndProjectSection
EndProject
Project("{8BC9CEB8-8B4A-11D0-8D11-00A0C91BC942}") = "primitives", "primitives\primitives.vcxproj", "{77824BD4-6675-4D13-93AC-43851CC98199}"
	ProjectSection(ProjectDependencies) = postProject
		{F9A0612B-714D-4FC6-96C2-C6597CC82086} = {F9A0612B-714D-4FC6-96C2-C6597CC82086}
		{874E1A97-10C6-4B39-AEA1-3140C0A34BBC} = {874E1A97-10C6-4B39-AEA1-3140C0A34BBC}
	EndProjectSection
EndProject
Project("{8BC9CEB8-8B4A-11D0-8D11-00A0C91BC942}") = "depthtest", "depthtest\depthtest.vcxproj", "{6C4304CD-E348-4F2B-B44B-026969F4AD75}"
	ProjectSection(ProjectDependencies) = postProject
		{F9A0612B-714D-4FC6-96C2-C6597CC82086} = {F9A0612B-714D-4FC6-96C2-C6597CC82086}
		{874E1A97-10C6-4B39-AEA1-3140C0A34BBC} = {874E1A97-10C6-4B39-AEA1-3140C0A34BBC}
	EndProjectSection
EndProject
Project("{8BC9CEB8-8B4A-11D0-8D11-00A0C91BC942}") = "colors", "colors\colors.vcxproj", "{F2ACDBC8-8BDC-4535-B857-18C04B112E7E}"
	ProjectSection(ProjectDependencies) = postProject
		{F9A0612B-714D-4FC6-96C2-C6597CC82086} = {F9A0612B-714D-4FC6-96C2-C6597CC82086}
		{874E1A97-10C6-4B39-AEA1-3140C0A34BBC} = {874E1A97-10C6-4B39-AEA1-3140C0A34BBC}
	EndProjectSection
EndProject
Project("{8BC9CEB8-8B4A-11D0-8D11-00A0C91BC942}") = "lighting", "lighting\lighting.vcxproj", "{BE67F943-25EB-4D83-B9FA-F0D689D4A5EF}"
	ProjectSection(ProjectDependencies) = postProject
		{F9A0612B-714D-4FC6-96C2-C6597CC82086} = {F9A0612B-714D-4FC6-96C2-C6597CC82086}
		{874E1A97-10C6-4B39-AEA1-3140C0A34BBC} = {874E1A97-10C6-4B39-AEA1-3140C0A34BBC}
	EndProjectSection
EndProject
Project("{8BC9CEB8-8B4A-11D0-8D11-00A0C91BC942}") = "appfw", "appfw\appfw.vcxproj", "{874E1A97-10C6-4B39-AEA1-3140C0A34BBC}"
EndProject
Project("{8BC9CEB8-8B4A-11D0-8D11-00A0C91BC942}") = "guitest", "guitest\guitest.vcxproj", "{BB982693-0F32-44CB-933E-28D2CB290DF5}"
	ProjectSection(ProjectDependencies) = postProject
		{874E1A97-10C6-4B39-AEA1-3140C0A34BBC} = {874E1A97-10C6-4B39-AEA1-3140C0A34BBC}
	EndProjectSection
EndProject
Global
	GlobalSection(SolutionConfigurationPlatforms) = preSolution
		Debug|Win32 = Debug|Win32
		Release|Win32 = Release|Win32
	EndGlobalSection
	GlobalSection(ProjectConfigurationPlatforms) = postSolution
		{F9A0612B-714D-4FC6-96C2-C6597CC82086}.Debug|Win32.ActiveCfg = Debug|Win32
		{F9A0612B-714D-4FC6-96C2-C6597CC82086}.Debug|Win32.Build.0 = Debug|Win32
		{F9A0612B-714D-4FC6-96C2-C6597CC82086}.Release|Win32.ActiveCfg = Release|Win32
		{F9A0612B-714D-4FC6-96C2-C6597CC82086}.Release|Win32.Build.0 = Release|Win32
		{E9230833-AC6B-4092-B601-6926E40E12ED}.Debug|Win32.ActiveCfg = Debug|Win32
		{E9230833-AC6B-4092-B601-6926E40E12ED}.Debug|Win32.Build.0 = Debug|Win32
		{E9230833-AC6B-4092-B601-6926E40E12ED}.Release|Win32.ActiveCfg = Release|Win32
		{E9230833-AC6B-4092-B601-6926E40E12ED}.Release|Win32.Build.0 = Release|Win32
		{77824BD4-6675-4D13-93AC-43851CC98199}.Debug|Win32.ActiveCfg = Debug|Win32
		{77824BD4-6675-4D13-93AC-43851CC98199}.Debug|Win32.Build.0 = Debug|Win32
		{77824BD4-6675-4D13-93AC-43851CC98199}.Release|Win32.ActiveCfg = Release|Win32
		{77824BD4-6675-4D13-93AC-43851CC98199}.Release|Win32.Build.0 = Release|Win32
		{6C4304CD-E348-4F2B-B44B-026969F4AD75}.Debug|Win32.ActiveCfg = Debug|Win32
		{6C4304CD-E348-4F2B-B44B-026969F4AD75}.Debug|Win32.Build.0 = Debug|Win32
		{6C4304CD-E348-4F2B-B44B-026969F4AD75}.Release|Win32.ActiveCfg = Release|Win32
		{6C4304CD-E348-4F2B-B44B-026969F4AD75}.Release|Win32.Build.0 = Release|Win32
		{F2ACDBC8-8BDC-4535-B857-18C04B112E7E}.Debug|Win32.ActiveCfg = Debug|Win32
		{F2ACDBC8-8BDC-4535-B857-18C04B112E7E}.Debug|Win32.Build.0 = Debug|Win32
		{F2ACDBC8-8BDC-4535-B857-18C04B112E7E}.Release|Win32.ActiveCfg = Release|Win32
		{F2ACDBC8-8BDC-4535-B857-18C04B112E7E}.Release|Win32.Build.0 = Release|Win32
		{BE67F943-25EB-4D83-B9FA-F0D689D4A5EF}.Debug|Win32.ActiveCfg = Debug|Win32
		{BE67F943-25EB-4D83-B9FA-F0D689D4A5EF}.Debug|Win32.Build.0 = Debug|Win32
		{BE67F943-25EB-4D83-B9FA-F0D689D4A5EF}.Release|Win32.ActiveCfg = Release|Win32
		{BE67F943-25EB-4D83-B9FA-F0D689D4A5EF}.Release|Win32.Build.0 = Release|Win32
		{874E1A97-10C6-4B39-AEA1-3140C0A34BBC}.Debug|Win32.ActiveCfg = Debug|Win32
		{874E1A97-10C6-4B39-AEA1-3140C0A34BBC}.Debug|Win32.Build.0 = Debug|Win32
		{874E1A97-10C6-4B39-AEA1-3140C0A34BBC}.Release|Win32.ActiveCfg = Release|Win32
		{874E1A97-10C6-4B39-AEA1-3140C0A34BBC}.Release|Win32.Build.0 = Release|Win32
		{BB982693-0F32-44CB-933E-28D2CB290DF5}.Debug|Win32.ActiveCfg = Debug|Win32
		{BB982693-0F32-44CB-933E-28D2CB290DF5}.Debug|Win32.Build.0 = Debug|Win32
		{BB982693-0F32-44CB-933E-28D2CB290DF5}.Release|Win32.ActiveCfg = Release|Win32
		{BB982693-0F32-44CB-933E-28D2CB290DF5}.Release|Win32.Build.0 = Release|Win32
	EndGlobalSection
	GlobalSection(SolutionProperties) = preSolution
		HideSolutionNode = FALSE
	EndGlobalSection
EndGlobal
